
Microsoft Visual Studio Solution File, Format Version 12.00
# Visual Studio Version 16
VisualStudioVersion = 16.0.32630.194
MinimumVisualStudioVersion = 10.0.40219.1
Project("{FAE04EC0-301F-11D3-BF4B-00C04F79EFBC}") = "NlogProgram", "NlogProgram\NlogProgram.csproj", "{8C486842-D1FC-4929-BFC1-494BED9D0D8A}"
EndProject
Global
	GlobalSection(SolutionConfigurationPlatforms) = preSolution
		Debug|Any CPU = Debug|Any CPU
		Release|Any CPU = Release|Any CPU
	EndGlobalSection
	GlobalSection(ProjectConfigurationPlatforms) = postSolution
		{8C486842-D1FC-4929-BFC1-494BED9D0D8A}.Debug|Any CPU.ActiveCfg = Debug|Any CPU
		{8C486842-D1FC-4929-BFC1-494BED9D0D8A}.Debug|Any CPU.Build.0 = Debug|Any CPU
		{8C486842-D1FC-4929-BFC1-494BED9D0D8A}.Release|Any CPU.ActiveCfg = Release|Any CPU
		{8C486842-D1FC-4929-BFC1-494BED9D0D8A}.Release|Any CPU.Build.0 = Release|Any CPU
	EndGlobalSection
	GlobalSection(SolutionProperties) = preSolution
		HideSolutionNode = FALSE
	EndGlobalSection
	GlobalSection(ExtensibilityGlobals) = postSolution
		SolutionGuid = {EDB318EA-70A9-41B9-B5F8-097FBA0C4063}
	EndGlobalSection
EndGlobal
